// !$*UTF8*$!
{
	archiveVersion = 1;
	classes = {
	};
	objectVersion = 46;
	objects = {

/* Begin PBXBuildFile section */
		1099066FFCB84BC6A0BB7917 /* libPods.a in Frameworks */ = {isa = PBXBuildFile; fileRef = 6F73E6D2B065451CB1D2C091 /* libPods.a */; };
		257624301766A4A200F7CD9B /* LTLockCell.m in Sources */ = {isa = PBXBuildFile; fileRef = 2576242F1766A4A200F7CD9B /* LTLockCell.m */; };
		257624361766D9CB00F7CD9B /* base_lock.png in Resources */ = {isa = PBXBuildFile; fileRef = 257624321766D9CB00F7CD9B /* base_lock.png */; };
		257624371766D9CB00F7CD9B /* base_lock@2x.png in Resources */ = {isa = PBXBuildFile; fileRef = 257624331766D9CB00F7CD9B /* base_lock@2x.png */; };
		257624381766D9CB00F7CD9B /* top_lock.png in Resources */ = {isa = PBXBuildFile; fileRef = 257624341766D9CB00F7CD9B /* top_lock.png */; };
		257624391766D9CB00F7CD9B /* top_lock@2x.png in Resources */ = {isa = PBXBuildFile; fileRef = 257624351766D9CB00F7CD9B /* top_lock@2x.png */; };
		2576243B1766DBDF00F7CD9B /* QuartzCore.framework in Frameworks */ = {isa = PBXBuildFile; fileRef = 2576243A1766DBDE00F7CD9B /* QuartzCore.framework */; };
		25AFABCC17659845005E747F /* UIKit.framework in Frameworks */ = {isa = PBXBuildFile; fileRef = 25AFABCB17659845005E747F /* UIKit.framework */; };
		25AFABCE17659845005E747F /* Foundation.framework in Frameworks */ = {isa = PBXBuildFile; fileRef = 25AFABCD17659845005E747F /* Foundation.framework */; };
		25AFABD017659845005E747F /* CoreGraphics.framework in Frameworks */ = {isa = PBXBuildFile; fileRef = 25AFABCF17659845005E747F /* CoreGraphics.framework */; };
		25AFABD617659845005E747F /* InfoPlist.strings in Resources */ = {isa = PBXBuildFile; fileRef = 25AFABD417659845005E747F /* InfoPlist.strings */; };
		25AFABD817659845005E747F /* main.m in Sources */ = {isa = PBXBuildFile; fileRef = 25AFABD717659845005E747F /* main.m */; };
		25AFABDC17659845005E747F /* LTAppDelegate.m in Sources */ = {isa = PBXBuildFile; fileRef = 25AFABDB17659845005E747F /* LTAppDelegate.m */; };
		25AFABDE17659845005E747F /* Default.png in Resources */ = {isa = PBXBuildFile; fileRef = 25AFABDD17659845005E747F /* Default.png */; };
		25AFABE017659845005E747F /* Default@2x.png in Resources */ = {isa = PBXBuildFile; fileRef = 25AFABDF17659845005E747F /* Default@2x.png */; };
		25AFABE217659845005E747F /* Default-568h@2x.png in Resources */ = {isa = PBXBuildFile; fileRef = 25AFABE117659845005E747F /* Default-568h@2x.png */; };
		25AFABE517659845005E747F /* LTViewController.m in Sources */ = {isa = PBXBuildFile; fileRef = 25AFABE417659845005E747F /* LTViewController.m */; };
		25AFABE817659845005E747F /* LTViewController.xib in Resources */ = {isa = PBXBuildFile; fileRef = 25AFABE617659845005E747F /* LTViewController.xib */; };
		25AFABF117659955005E747F /* LTOAuthenticator.m in Sources */ = {isa = PBXBuildFile; fileRef = 25AFABF017659955005E747F /* LTOAuthenticator.m */; };
		25AFABF417659B5C005E747F /* LockitronSDK.m in Sources */ = {isa = PBXBuildFile; fileRef = 25AFABF317659B5C005E747F /* LockitronSDK.m */; };
		25AFABF717659C1F005E747F /* LTLock.m in Sources */ = {isa = PBXBuildFile; fileRef = 25AFABF617659C1F005E747F /* LTLock.m */; };
		25AFABFD1765A94B005E747F /* LTUser.m in Sources */ = {isa = PBXBuildFile; fileRef = 25AFABFC1765A94B005E747F /* LTUser.m */; };
		25AFABFF176624F8005E747F /* AddressBook.framework in Frameworks */ = {isa = PBXBuildFile; fileRef = 25AFABFE176624F8005E747F /* AddressBook.framework */; };
		25AFAC02176629AF005E747F /* NSDictionary+URLEncoding.m in Sources */ = {isa = PBXBuildFile; fileRef = 25AFAC01176629AF005E747F /* NSDictionary+URLEncoding.m */; };
		25AFAC05176631C4005E747F /* LTKey.m in Sources */ = {isa = PBXBuildFile; fileRef = 25AFAC04176631C4005E747F /* LTKey.m */; };
/* End PBXBuildFile section */

/* Begin PBXFileReference section */
		165EB8D780B74AA29A63E5C3 /* Pods.xcconfig */ = {isa = PBXFileReference; includeInIndex = 1; lastKnownFileType = text.xcconfig; name = Pods.xcconfig; path = Pods/Pods.xcconfig; sourceTree = SOURCE_ROOT; };
		255699AE17667A280064CD81 /* Lockitron.h */ = {isa = PBXFileReference; fileEncoding = 4; lastKnownFileType = sourcecode.c.h; path = Lockitron.h; sourceTree = "<group>"; };
		2576242E1766A4A200F7CD9B /* LTLockCell.h */ = {isa = PBXFileReference; fileEncoding = 4; lastKnownFileType = sourcecode.c.h; path = LTLockCell.h; sourceTree = "<group>"; };
		2576242F1766A4A200F7CD9B /* LTLockCell.m */ = {isa = PBXFileReference; fileEncoding = 4; lastKnownFileType = sourcecode.c.objc; path = LTLockCell.m; sourceTree = "<group>"; };
		257624321766D9CB00F7CD9B /* base_lock.png */ = {isa = PBXFileReference; lastKnownFileType = image.png; path = base_lock.png; sourceTree = "<group>"; };
		257624331766D9CB00F7CD9B /* base_lock@2x.png */ = {isa = PBXFileReference; lastKnownFileType = image.png; path = "base_lock@2x.png"; sourceTree = "<group>"; };
		257624341766D9CB00F7CD9B /* top_lock.png */ = {isa = PBXFileReference; lastKnownFileType = image.png; path = top_lock.png; sourceTree = "<group>"; };
		257624351766D9CB00F7CD9B /* top_lock@2x.png */ = {isa = PBXFileReference; lastKnownFileType = image.png; path = "top_lock@2x.png"; sourceTree = "<group>"; };
		2576243A1766DBDE00F7CD9B /* QuartzCore.framework */ = {isa = PBXFileReference; lastKnownFileType = wrapper.framework; name = QuartzCore.framework; path = System/Library/Frameworks/QuartzCore.framework; sourceTree = SDKROOT; };
		25AFABC817659845005E747F /* LockitronSDKExample.app */ = {isa = PBXFileReference; explicitFileType = wrapper.application; includeInIndex = 0; path = LockitronSDKExample.app; sourceTree = BUILT_PRODUCTS_DIR; };
		25AFABCB17659845005E747F /* UIKit.framework */ = {isa = PBXFileReference; lastKnownFileType = wrapper.framework; name = UIKit.framework; path = System/Library/Frameworks/UIKit.framework; sourceTree = SDKROOT; };
		25AFABCD17659845005E747F /* Foundation.framework */ = {isa = PBXFileReference; lastKnownFileType = wrapper.framework; name = Foundation.framework; path = System/Library/Frameworks/Foundation.framework; sourceTree = SDKROOT; };
		25AFABCF17659845005E747F /* CoreGraphics.framework */ = {isa = PBXFileReference; lastKnownFileType = wrapper.framework; name = CoreGraphics.framework; path = System/Library/Frameworks/CoreGraphics.framework; sourceTree = SDKROOT; };
		25AFABD317659845005E747F /* LockitronSDKExample-Info.plist */ = {isa = PBXFileReference; lastKnownFileType = text.plist.xml; path = "LockitronSDKExample-Info.plist"; sourceTree = "<group>"; };
		25AFABD517659845005E747F /* en */ = {isa = PBXFileReference; lastKnownFileType = text.plist.strings; name = en; path = en.lproj/InfoPlist.strings; sourceTree = "<group>"; };
		25AFABD717659845005E747F /* main.m */ = {isa = PBXFileReference; lastKnownFileType = sourcecode.c.objc; path = main.m; sourceTree = "<group>"; };
		25AFABD917659845005E747F /* LockitronSDKExample-Prefix.pch */ = {isa = PBXFileReference; lastKnownFileType = sourcecode.c.h; path = "LockitronSDKExample-Prefix.pch"; sourceTree = "<group>"; };
		25AFABDA17659845005E747F /* LTAppDelegate.h */ = {isa = PBXFileReference; lastKnownFileType = sourcecode.c.h; path = LTAppDelegate.h; sourceTree = "<group>"; };
		25AFABDB17659845005E747F /* LTAppDelegate.m */ = {isa = PBXFileReference; lastKnownFileType = sourcecode.c.objc; path = LTAppDelegate.m; sourceTree = "<group>"; };
		25AFABDD17659845005E747F /* Default.png */ = {isa = PBXFileReference; lastKnownFileType = image.png; path = Default.png; sourceTree = "<group>"; };
		25AFABDF17659845005E747F /* Default@2x.png */ = {isa = PBXFileReference; lastKnownFileType = image.png; path = "Default@2x.png"; sourceTree = "<group>"; };
		25AFABE117659845005E747F /* Default-568h@2x.png */ = {isa = PBXFileReference; lastKnownFileType = image.png; path = "Default-568h@2x.png"; sourceTree = "<group>"; };
		25AFABE317659845005E747F /* LTViewController.h */ = {isa = PBXFileReference; lastKnownFileType = sourcecode.c.h; path = LTViewController.h; sourceTree = "<group>"; };
		25AFABE417659845005E747F /* LTViewController.m */ = {isa = PBXFileReference; lastKnownFileType = sourcecode.c.objc; path = LTViewController.m; sourceTree = "<group>"; };
		25AFABE717659845005E747F /* en */ = {isa = PBXFileReference; lastKnownFileType = file.xib; name = en; path = en.lproj/LTViewController.xib; sourceTree = "<group>"; };
		25AFABEF17659955005E747F /* LTOAuthenticator.h */ = {isa = PBXFileReference; fileEncoding = 4; lastKnownFileType = sourcecode.c.h; path = LTOAuthenticator.h; sourceTree = "<group>"; };
		25AFABF017659955005E747F /* LTOAuthenticator.m */ = {isa = PBXFileReference; fileEncoding = 4; lastKnownFileType = sourcecode.c.objc; path = LTOAuthenticator.m; sourceTree = "<group>"; };
		25AFABF217659B5C005E747F /* LockitronSDK.h */ = {isa = PBXFileReference; fileEncoding = 4; lastKnownFileType = sourcecode.c.h; path = LockitronSDK.h; sourceTree = "<group>"; };
		25AFABF317659B5C005E747F /* LockitronSDK.m */ = {isa = PBXFileReference; fileEncoding = 4; lastKnownFileType = sourcecode.c.objc; path = LockitronSDK.m; sourceTree = "<group>"; };
		25AFABF517659C1F005E747F /* LTLock.h */ = {isa = PBXFileReference; fileEncoding = 4; lastKnownFileType = sourcecode.c.h; path = LTLock.h; sourceTree = "<group>"; };
		25AFABF617659C1F005E747F /* LTLock.m */ = {isa = PBXFileReference; fileEncoding = 4; lastKnownFileType = sourcecode.c.objc; path = LTLock.m; sourceTree = "<group>"; };
		25AFABFB1765A94B005E747F /* LTUser.h */ = {isa = PBXFileReference; fileEncoding = 4; lastKnownFileType = sourcecode.c.h; path = LTUser.h; sourceTree = "<group>"; };
		25AFABFC1765A94B005E747F /* LTUser.m */ = {isa = PBXFileReference; fileEncoding = 4; lastKnownFileType = sourcecode.c.objc; path = LTUser.m; sourceTree = "<group>"; };
		25AFABFE176624F8005E747F /* AddressBook.framework */ = {isa = PBXFileReference; lastKnownFileType = wrapper.framework; name = AddressBook.framework; path = System/Library/Frameworks/AddressBook.framework; sourceTree = SDKROOT; };
		25AFAC00176629AF005E747F /* NSDictionary+URLEncoding.h */ = {isa = PBXFileReference; fileEncoding = 4; lastKnownFileType = sourcecode.c.h; path = "NSDictionary+URLEncoding.h"; sourceTree = "<group>"; };
		25AFAC01176629AF005E747F /* NSDictionary+URLEncoding.m */ = {isa = PBXFileReference; fileEncoding = 4; lastKnownFileType = sourcecode.c.objc; path = "NSDictionary+URLEncoding.m"; sourceTree = "<group>"; };
		25AFAC03176631C4005E747F /* LTKey.h */ = {isa = PBXFileReference; fileEncoding = 4; lastKnownFileType = sourcecode.c.h; path = LTKey.h; sourceTree = "<group>"; };
		25AFAC04176631C4005E747F /* LTKey.m */ = {isa = PBXFileReference; fileEncoding = 4; lastKnownFileType = sourcecode.c.objc; path = LTKey.m; sourceTree = "<group>"; };
		6F73E6D2B065451CB1D2C091 /* libPods.a */ = {isa = PBXFileReference; explicitFileType = archive.ar; includeInIndex = 0; path = libPods.a; sourceTree = BUILT_PRODUCTS_DIR; };
/* End PBXFileReference section */

/* Begin PBXFrameworksBuildPhase section */
		25AFABC517659845005E747F /* Frameworks */ = {
			isa = PBXFrameworksBuildPhase;
			buildActionMask = 2147483647;
			files = (
				25AFABD017659845005E747F /* CoreGraphics.framework in Frameworks */,
				2576243B1766DBDF00F7CD9B /* QuartzCore.framework in Frameworks */,
				25AFABFF176624F8005E747F /* AddressBook.framework in Frameworks */,
				25AFABCC17659845005E747F /* UIKit.framework in Frameworks */,
				25AFABCE17659845005E747F /* Foundation.framework in Frameworks */,
				1099066FFCB84BC6A0BB7917 /* libPods.a in Frameworks */,
			);
			runOnlyForDeploymentPostprocessing = 0;
		};
/* End PBXFrameworksBuildPhase section */

/* Begin PBXGroup section */
		257624311766D9CB00F7CD9B /* Images */ = {
			isa = PBXGroup;
			children = (
				257624321766D9CB00F7CD9B /* base_lock.png */,
				257624331766D9CB00F7CD9B /* base_lock@2x.png */,
				257624341766D9CB00F7CD9B /* top_lock.png */,
				257624351766D9CB00F7CD9B /* top_lock@2x.png */,
			);
			path = Images;
			sourceTree = "<group>";
		};
		25AFABBF17659845005E747F = {
			isa = PBXGroup;
			children = (
				25AFABD117659845005E747F /* LockitronSDKExample */,
				25AFABCA17659845005E747F /* Frameworks */,
				25AFABC917659845005E747F /* Products */,
				165EB8D780B74AA29A63E5C3 /* Pods.xcconfig */,
			);
			sourceTree = "<group>";
		};
		25AFABC917659845005E747F /* Products */ = {
			isa = PBXGroup;
			children = (
				25AFABC817659845005E747F /* LockitronSDKExample.app */,
			);
			name = Products;
			sourceTree = "<group>";
		};
		25AFABCA17659845005E747F /* Frameworks */ = {
			isa = PBXGroup;
			children = (
				2576243A1766DBDE00F7CD9B /* QuartzCore.framework */,
				25AFABFE176624F8005E747F /* AddressBook.framework */,
				25AFABCB17659845005E747F /* UIKit.framework */,
				25AFABCD17659845005E747F /* Foundation.framework */,
				25AFABCF17659845005E747F /* CoreGraphics.framework */,
				6F73E6D2B065451CB1D2C091 /* libPods.a */,
			);
			name = Frameworks;
			sourceTree = "<group>";
		};
		25AFABD117659845005E747F /* LockitronSDKExample */ = {
			isa = PBXGroup;
			children = (
				25AFABEE17659859005E747F /* LockitronSDK */,
				25AFABDA17659845005E747F /* LTAppDelegate.h */,
				25AFABDB17659845005E747F /* LTAppDelegate.m */,
				25AFABE317659845005E747F /* LTViewController.h */,
				25AFABE417659845005E747F /* LTViewController.m */,
				2576242E1766A4A200F7CD9B /* LTLockCell.h */,
				2576242F1766A4A200F7CD9B /* LTLockCell.m */,
				25AFABE617659845005E747F /* LTViewController.xib */,
				257624311766D9CB00F7CD9B /* Images */,
				25AFABD217659845005E747F /* Supporting Files */,
			);
			path = LockitronSDKExample;
			sourceTree = "<group>";
		};
		25AFABD217659845005E747F /* Supporting Files */ = {
			isa = PBXGroup;
			children = (
				25AFABD317659845005E747F /* LockitronSDKExample-Info.plist */,
				25AFABD417659845005E747F /* InfoPlist.strings */,
				25AFABD717659845005E747F /* main.m */,
				25AFABD917659845005E747F /* LockitronSDKExample-Prefix.pch */,
				25AFABDD17659845005E747F /* Default.png */,
				25AFABDF17659845005E747F /* Default@2x.png */,
				25AFABE117659845005E747F /* Default-568h@2x.png */,
			);
			name = "Supporting Files";
			sourceTree = "<group>";
		};
		25AFABEE17659859005E747F /* LockitronSDK */ = {
			isa = PBXGroup;
			children = (
				255699AE17667A280064CD81 /* Lockitron.h */,
				25AFAC03176631C4005E747F /* LTKey.h */,
				25AFAC04176631C4005E747F /* LTKey.m */,
				25AFABF517659C1F005E747F /* LTLock.h */,
				25AFABF617659C1F005E747F /* LTLock.m */,
				25AFABFB1765A94B005E747F /* LTUser.h */,
				25AFABFC1765A94B005E747F /* LTUser.m */,
				25AFABF217659B5C005E747F /* LockitronSDK.h */,
				25AFABF317659B5C005E747F /* LockitronSDK.m */,
				25AFABEF17659955005E747F /* LTOAuthenticator.h */,
				25AFABF017659955005E747F /* LTOAuthenticator.m */,
				25AFAC00176629AF005E747F /* NSDictionary+URLEncoding.h */,
				25AFAC01176629AF005E747F /* NSDictionary+URLEncoding.m */,
			);
			path = LockitronSDK;
			sourceTree = SOURCE_ROOT;
		};
/* End PBXGroup section */

/* Begin PBXNativeTarget section */
		25AFABC717659845005E747F /* LockitronSDKExample */ = {
			isa = PBXNativeTarget;
			buildConfigurationList = 25AFABEB17659845005E747F /* Build configuration list for PBXNativeTarget "LockitronSDKExample" */;
			buildPhases = (
				DF260F0CE6324BC189921994 /* Check Pods Manifest.lock */,
				25AFABC417659845005E747F /* Sources */,
				25AFABC517659845005E747F /* Frameworks */,
				25AFABC617659845005E747F /* Resources */,
				66F8C2021E664099A8C05C35 /* Copy Pods Resources */,
			);
			buildRules = (
			);
			dependencies = (
			);
			name = LockitronSDKExample;
			productName = LockitronSDKExample;
			productReference = 25AFABC817659845005E747F /* LockitronSDKExample.app */;
			productType = "com.apple.product-type.application";
		};
/* End PBXNativeTarget section */

/* Begin PBXProject section */
		25AFABC017659845005E747F /* Project object */ = {
			isa = PBXProject;
			attributes = {
				CLASSPREFIX = LT;
				LastUpgradeCheck = 0460;
				ORGANIZATIONNAME = "Sebastien Thiebaud";
			};
			buildConfigurationList = 25AFABC317659845005E747F /* Build configuration list for PBXProject "LockitronSDKExample" */;
			compatibilityVersion = "Xcode 3.2";
			developmentRegion = English;
			hasScannedForEncodings = 0;
			knownRegions = (
				en,
			);
			mainGroup = 25AFABBF17659845005E747F;
			productRefGroup = 25AFABC917659845005E747F /* Products */;
			projectDirPath = "";
			projectRoot = "";
			targets = (
				25AFABC717659845005E747F /* LockitronSDKExample */,
			);
		};
/* End PBXProject section */

/* Begin PBXResourcesBuildPhase section */
		25AFABC617659845005E747F /* Resources */ = {
			isa = PBXResourcesBuildPhase;
			buildActionMask = 2147483647;
			files = (
				25AFABD617659845005E747F /* InfoPlist.strings in Resources */,
				25AFABDE17659845005E747F /* Default.png in Resources */,
				25AFABE017659845005E747F /* Default@2x.png in Resources */,
				25AFABE217659845005E747F /* Default-568h@2x.png in Resources */,
				25AFABE817659845005E747F /* LTViewController.xib in Resources */,
				257624361766D9CB00F7CD9B /* base_lock.png in Resources */,
				257624371766D9CB00F7CD9B /* base_lock@2x.png in Resources */,
				257624381766D9CB00F7CD9B /* top_lock.png in Resources */,
				257624391766D9CB00F7CD9B /* top_lock@2x.png in Resources */,
			);
			runOnlyForDeploymentPostprocessing = 0;
		};
/* End PBXResourcesBuildPhase section */

/* Begin PBXShellScriptBuildPhase section */
		66F8C2021E664099A8C05C35 /* Copy Pods Resources */ = {
			isa = PBXShellScriptBuildPhase;
			buildActionMask = 2147483647;
			files = (
			);
			inputPaths = (
			);
			name = "Copy Pods Resources";
			outputPaths = (
			);
			runOnlyForDeploymentPostprocessing = 0;
			shellPath = /bin/sh;
			shellScript = "\"${SRCROOT}/Pods/Pods-resources.sh\"\n";
		};
		DF260F0CE6324BC189921994 /* Check Pods Manifest.lock */ = {
			isa = PBXShellScriptBuildPhase;
			buildActionMask = 2147483647;
			files = (
			);
			inputPaths = (
			);
			name = "Check Pods Manifest.lock";
			outputPaths = (
			);
			runOnlyForDeploymentPostprocessing = 0;
			shellPath = /bin/sh;
			shellScript = "diff \"${PODS_ROOT}/../Podfile.lock\" \"${PODS_ROOT}/Manifest.lock\" > /dev/null\nif [[ $? != 0 ]] ; then\n    cat << EOM\nerror: The sandbox is not in sync with the Podfile.lock. Run 'pod install' or update your CocoaPods installation.\nEOM\n    exit 1\nfi\n";
		};
/* End PBXShellScriptBuildPhase section */

/* Begin PBXSourcesBuildPhase section */
		25AFABC417659845005E747F /* Sources */ = {
			isa = PBXSourcesBuildPhase;
			buildActionMask = 2147483647;
			files = (
				25AFABD817659845005E747F /* main.m in Sources */,
				25AFABDC17659845005E747F /* LTAppDelegate.m in Sources */,
				25AFABE517659845005E747F /* LTViewController.m in Sources */,
				25AFABF117659955005E747F /* LTOAuthenticator.m in Sources */,
				25AFABF417659B5C005E747F /* LockitronSDK.m in Sources */,
				25AFABF717659C1F005E747F /* LTLock.m in Sources */,
				25AFABFD1765A94B005E747F /* LTUser.m in Sources */,
				25AFAC02176629AF005E747F /* NSDictionary+URLEncoding.m in Sources */,
				25AFAC05176631C4005E747F /* LTKey.m in Sources */,
				257624301766A4A200F7CD9B /* LTLockCell.m in Sources */,
			);
			runOnlyForDeploymentPostprocessing = 0;
		};
/* End PBXSourcesBuildPhase section */

/* Begin PBXVariantGroup section */
		25AFABD417659845005E747F /* InfoPlist.strings */ = {
			isa = PBXVariantGroup;
			children = (
				25AFABD517659845005E747F /* en */,
			);
			name = InfoPlist.strings;
			sourceTree = "<group>";
		};
		25AFABE617659845005E747F /* LTViewController.xib */ = {
			isa = PBXVariantGroup;
			children = (
				25AFABE717659845005E747F /* en */,
			);
			name = LTViewController.xib;
			sourceTree = "<group>";
		};
/* End PBXVariantGroup section */

/* Begin XCBuildConfiguration section */
		25AFABE917659845005E747F /* Debug */ = {
			isa = XCBuildConfiguration;
			buildSettings = {
				ALWAYS_SEARCH_USER_PATHS = NO;
				CLANG_CXX_LANGUAGE_STANDARD = "gnu++0x";
				CLANG_CXX_LIBRARY = "libc++";
				CLANG_ENABLE_OBJC_ARC = YES;
				CLANG_WARN_CONSTANT_CONVERSION = YES;
				CLANG_WARN_EMPTY_BODY = YES;
				CLANG_WARN_ENUM_CONVERSION = YES;
				CLANG_WARN_INT_CONVERSION = YES;
				CLANG_WARN__DUPLICATE_METHOD_MATCH = YES;
				"CODE_SIGN_IDENTITY[sdk=iphoneos*]" = "iPhone Developer";
				COPY_PHASE_STRIP = NO;
				GCC_C_LANGUAGE_STANDARD = gnu99;
				GCC_DYNAMIC_NO_PIC = NO;
				GCC_OPTIMIZATION_LEVEL = 0;
				GCC_PREPROCESSOR_DEFINITIONS = (
					"DEBUG=1",
					"$(inherited)",
				);
				GCC_SYMBOLS_PRIVATE_EXTERN = NO;
				GCC_WARN_ABOUT_RETURN_TYPE = YES;
				GCC_WARN_UNINITIALIZED_AUTOS = YES;
				GCC_WARN_UNUSED_VARIABLE = YES;
				IPHONEOS_DEPLOYMENT_TARGET = 6.1;
				ONLY_ACTIVE_ARCH = YES;
				SDKROOT = iphoneos;
			};
			name = Debug;
		};
		25AFABEA17659845005E747F /* Release */ = {
			isa = XCBuildConfiguration;
			buildSettings = {
				ALWAYS_SEARCH_USER_PATHS = NO;
				CLANG_CXX_LANGUAGE_STANDARD = "gnu++0x";
				CLANG_CXX_LIBRARY = "libc++";
				CLANG_ENABLE_OBJC_ARC = YES;
				CLANG_WARN_CONSTANT_CONVERSION = YES;
				CLANG_WARN_EMPTY_BODY = YES;
				CLANG_WARN_ENUM_CONVERSION = YES;
				CLANG_WARN_INT_CONVERSION = YES;
				CLANG_WARN__DUPLICATE_METHOD_MATCH = YES;
				"CODE_SIGN_IDENTITY[sdk=iphoneos*]" = "iPhone Developer";
				COPY_PHASE_STRIP = YES;
				GCC_C_LANGUAGE_STANDARD = gnu99;
				GCC_WARN_ABOUT_RETURN_TYPE = YES;
				GCC_WARN_UNINITIALIZED_AUTOS = YES;
				GCC_WARN_UNUSED_VARIABLE = YES;
				IPHONEOS_DEPLOYMENT_TARGET = 6.1;
				OTHER_CFLAGS = "-DNS_BLOCK_ASSERTIONS=1";
				SDKROOT = iphoneos;
				VALIDATE_PRODUCT = YES;
			};
			name = Release;
		};
		25AFABEC17659845005E747F /* Debug */ = {
			isa = XCBuildConfiguration;
			baseConfigurationReference = 165EB8D780B74AA29A63E5C3 /* Pods.xcconfig */;
			buildSettings = {
				GCC_PRECOMPILE_PREFIX_HEADER = YES;
				GCC_PREFIX_HEADER = "LockitronSDKExample/LockitronSDKExample-Prefix.pch";
				INFOPLIST_FILE = "LockitronSDKExample/LockitronSDKExample-Info.plist";
				PRODUCT_NAME = "$(TARGET_NAME)";
				WRAPPER_EXTENSION = app;
			};
			name = Debug;
		};
		25AFABED17659845005E747F /* Release */ = {
			isa = XCBuildConfiguration;
			baseConfigurationReference = 165EB8D780B74AA29A63E5C3 /* Pods.xcconfig */;
			buildSettings = {
				GCC_PRECOMPILE_PREFIX_HEADER = YES;
				GCC_PREFIX_HEADER = "LockitronSDKExample/LockitronSDKExample-Prefix.pch";
				INFOPLIST_FILE = "LockitronSDKExample/LockitronSDKExample-Info.plist";
				PRODUCT_NAME = "$(TARGET_NAME)";
				WRAPPER_EXTENSION = app;
			};
			name = Release;
		};
/* End XCBuildConfiguration section */

/* Begin XCConfigurationList section */
		25AFABC317659845005E747F /* Build configuration list for PBXProject "LockitronSDKExample" */ = {
			isa = XCConfigurationList;
			buildConfigurations = (
				25AFABE917659845005E747F /* Debug */,
				25AFABEA17659845005E747F /* Release */,
			);
			defaultConfigurationIsVisible = 0;
			defaultConfigurationName = Release;
		};
		25AFABEB17659845005E747F /* Build configuration list for PBXNativeTarget "LockitronSDKExample" */ = {
			isa = XCConfigurationList;
			buildConfigurations = (
				25AFABEC17659845005E747F /* Debug */,
				25AFABED17659845005E747F /* Release */,
			);
			defaultConfigurationIsVisible = 0;
			defaultConfigurationName = Release;
		};
/* End XCConfigurationList section */
	};
	rootObject = 25AFABC017659845005E747F /* Project object */;
}
